
Microsoft Visual Studio Solution File, Format Version 12.00
# Visual Studio 15
VisualStudioVersion = 15.0.27703.2042
MinimumVisualStudioVersion = 10.0.40219.1
Project("{9A19103F-16F7-4668-BE54-9A1E7A4F7556}") = "AgentCallTracker.API", "AgentCallTracker\AgentCallTracker.API.csproj", "{F5784838-7A3E-47A1-AF37-759C68C94FA9}"
EndProject
Project("{E53339B2-1760-4266-BCC7-CA923CBCF16C}") = "docker-compose", "docker-compose.dcproj", "{D311F2D9-A356-4DF6-B915-04DB202D0B17}"
EndProject
Project("{2150E333-8FDC-42A3-9474-1A3956D46DE8}") = "src", "src", "{0DED45F7-0ED4-4D7B-B809-A705E2ED88C1}"
EndProject
Project("{2150E333-8FDC-42A3-9474-1A3956D46DE8}") = "BuildingBlocks", "BuildingBlocks", "{FF1BD11B-594B-42F8-B607-175E72EE2296}"
EndProject
Project("{2150E333-8FDC-42A3-9474-1A3956D46DE8}") = "Services", "Services", "{F5AEA7AA-53BF-4717-A4B3-327CD257642B}"
EndProject
Project("{2150E333-8FDC-42A3-9474-1A3956D46DE8}") = "EventBus", "EventBus", "{A5D1C613-3C4F-4E58-8E3F-2257DD6DB320}"
EndProject
Project("{9A19103F-16F7-4668-BE54-9A1E7A4F7556}") = "EventServiceBus", "EventServiceBus\EventServiceBus.csproj", "{2805D38E-92B5-44A1-8CB2-FCF0BB7AA456}"
EndProject
Project("{9A19103F-16F7-4668-BE54-9A1E7A4F7556}") = "EventBusRabbitMQ", "EventBusRabbitMQ\EventBusRabbitMQ.csproj", "{81B87240-CF3C-4204-B954-461C3F35BB75}"
EndProject
Project("{9A19103F-16F7-4668-BE54-9A1E7A4F7556}") = "IntegrationEventLogEF", "IntegrationEventLogEF\IntegrationEventLogEF.csproj", "{839ADF7E-4843-400C-B7FB-D3EF33878E5B}"
EndProject
Project("{2150E333-8FDC-42A3-9474-1A3956D46DE8}") = "Solution Items", "Solution Items", "{D0480F29-F0FA-41EE-B556-B4A77DFFA465}"
EndProject
Project("{2150E333-8FDC-42A3-9474-1A3956D46DE8}") = "Web Apps", "Web Apps", "{9E59FCDC-A4D5-4A2E-8BB7-F406C6A17EB1}"
EndProject
Project("{2150E333-8FDC-42A3-9474-1A3956D46DE8}") = "HealthChecks", "HealthChecks", "{5484AA60-8302-4BAF-B632-AFD2C9F9EAAA}"
EndProject
Project("{9A19103F-16F7-4668-BE54-9A1E7A4F7556}") = "Microsoft.AspNetCore.HealthChecks", "HealthChecks\Microsoft.AspNetCore.HealthChecks\Microsoft.AspNetCore.HealthChecks.csproj", "{1ED8F8F8-72BB-4621-A0BF-989D71AAA2C8}"
EndProject
Project("{9A19103F-16F7-4668-BE54-9A1E7A4F7556}") = "Microsoft.Extensions.HealthChecks", "HealthChecks\Microsoft.Extensions.HealthChecks\Microsoft.Extensions.HealthChecks.csproj", "{E0939A70-C010-40BB-B654-4E911F27BB4A}"
EndProject
Project("{FAE04EC0-301F-11D3-BF4B-00C04F79EFBC}") = "Microsoft.Extensions.HealthChecks.SqlServer", "HealthChecks\Microsoft.Extensions.HealthChecks.SqlServer\Microsoft.Extensions.HealthChecks.SqlServer.csproj", "{043F6039-F4D4-4D6A-94C8-2E79763B01F3}"
EndProject
Global
	GlobalSection(SolutionConfigurationPlatforms) = preSolution
		Debug|Any CPU = Debug|Any CPU
		Release|Any CPU = Release|Any CPU
	EndGlobalSection
	GlobalSection(ProjectConfigurationPlatforms) = postSolution
		{F5784838-7A3E-47A1-AF37-759C68C94FA9}.Debug|Any CPU.ActiveCfg = Debug|Any CPU
		{F5784838-7A3E-47A1-AF37-759C68C94FA9}.Debug|Any CPU.Build.0 = Debug|Any CPU
		{F5784838-7A3E-47A1-AF37-759C68C94FA9}.Release|Any CPU.ActiveCfg = Release|Any CPU
		{F5784838-7A3E-47A1-AF37-759C68C94FA9}.Release|Any CPU.Build.0 = Release|Any CPU
		{D311F2D9-A356-4DF6-B915-04DB202D0B17}.Debug|Any CPU.ActiveCfg = Debug|Any CPU
		{D311F2D9-A356-4DF6-B915-04DB202D0B17}.Debug|Any CPU.Build.0 = Debug|Any CPU
		{D311F2D9-A356-4DF6-B915-04DB202D0B17}.Release|Any CPU.ActiveCfg = Release|Any CPU
		{D311F2D9-A356-4DF6-B915-04DB202D0B17}.Release|Any CPU.Build.0 = Release|Any CPU
		{2805D38E-92B5-44A1-8CB2-FCF0BB7AA456}.Debug|Any CPU.ActiveCfg = Debug|Any CPU
		{2805D38E-92B5-44A1-8CB2-FCF0BB7AA456}.Debug|Any CPU.Build.0 = Debug|Any CPU
		{2805D38E-92B5-44A1-8CB2-FCF0BB7AA456}.Release|Any CPU.ActiveCfg = Release|Any CPU
		{2805D38E-92B5-44A1-8CB2-FCF0BB7AA456}.Release|Any CPU.Build.0 = Release|Any CPU
		{81B87240-CF3C-4204-B954-461C3F35BB75}.Debug|Any CPU.ActiveCfg = Debug|Any CPU
		{81B87240-CF3C-4204-B954-461C3F35BB75}.Debug|Any CPU.Build.0 = Debug|Any CPU
		{81B87240-CF3C-4204-B954-461C3F35BB75}.Release|Any CPU.ActiveCfg = Release|Any CPU
		{81B87240-CF3C-4204-B954-461C3F35BB75}.Release|Any CPU.Build.0 = Release|Any CPU
		{839ADF7E-4843-400C-B7FB-D3EF33878E5B}.Debug|Any CPU.ActiveCfg = Debug|Any CPU
		{839ADF7E-4843-400C-B7FB-D3EF33878E5B}.Debug|Any CPU.Build.0 = Debug|Any CPU
		{839ADF7E-4843-400C-B7FB-D3EF33878E5B}.Release|Any CPU.ActiveCfg = Release|Any CPU
		{839ADF7E-4843-400C-B7FB-D3EF33878E5B}.Release|Any CPU.Build.0 = Release|Any CPU
		{1ED8F8F8-72BB-4621-A0BF-989D71AAA2C8}.Debug|Any CPU.ActiveCfg = Debug|Any CPU
		{1ED8F8F8-72BB-4621-A0BF-989D71AAA2C8}.Debug|Any CPU.Build.0 = Debug|Any CPU
		{1ED8F8F8-72BB-4621-A0BF-989D71AAA2C8}.Release|Any CPU.ActiveCfg = Release|Any CPU
		{1ED8F8F8-72BB-4621-A0BF-989D71AAA2C8}.Release|Any CPU.Build.0 = Release|Any CPU
		{E0939A70-C010-40BB-B654-4E911F27BB4A}.Debug|Any CPU.ActiveCfg = Debug|Any CPU
		{E0939A70-C010-40BB-B654-4E911F27BB4A}.Debug|Any CPU.Build.0 = Debug|Any CPU
		{E0939A70-C010-40BB-B654-4E911F27BB4A}.Release|Any CPU.ActiveCfg = Release|Any CPU
		{E0939A70-C010-40BB-B654-4E911F27BB4A}.Release|Any CPU.Build.0 = Release|Any CPU
		{043F6039-F4D4-4D6A-94C8-2E79763B01F3}.Debug|Any CPU.ActiveCfg = Debug|Any CPU
		{043F6039-F4D4-4D6A-94C8-2E79763B01F3}.Debug|Any CPU.Build.0 = Debug|Any CPU
		{043F6039-F4D4-4D6A-94C8-2E79763B01F3}.Release|Any CPU.ActiveCfg = Release|Any CPU
		{043F6039-F4D4-4D6A-94C8-2E79763B01F3}.Release|Any CPU.Build.0 = Release|Any CPU
	EndGlobalSection
	GlobalSection(SolutionProperties) = preSolution
		HideSolutionNode = FALSE
	EndGlobalSection
	GlobalSection(NestedProjects) = preSolution
		{F5784838-7A3E-47A1-AF37-759C68C94FA9} = {F5AEA7AA-53BF-4717-A4B3-327CD257642B}
		{FF1BD11B-594B-42F8-B607-175E72EE2296} = {0DED45F7-0ED4-4D7B-B809-A705E2ED88C1}
		{F5AEA7AA-53BF-4717-A4B3-327CD257642B} = {0DED45F7-0ED4-4D7B-B809-A705E2ED88C1}
		{A5D1C613-3C4F-4E58-8E3F-2257DD6DB320} = {FF1BD11B-594B-42F8-B607-175E72EE2296}
		{2805D38E-92B5-44A1-8CB2-FCF0BB7AA456} = {A5D1C613-3C4F-4E58-8E3F-2257DD6DB320}
		{81B87240-CF3C-4204-B954-461C3F35BB75} = {A5D1C613-3C4F-4E58-8E3F-2257DD6DB320}
		{839ADF7E-4843-400C-B7FB-D3EF33878E5B} = {A5D1C613-3C4F-4E58-8E3F-2257DD6DB320}
		{9E59FCDC-A4D5-4A2E-8BB7-F406C6A17EB1} = {0DED45F7-0ED4-4D7B-B809-A705E2ED88C1}
		{5484AA60-8302-4BAF-B632-AFD2C9F9EAAA} = {FF1BD11B-594B-42F8-B607-175E72EE2296}
		{1ED8F8F8-72BB-4621-A0BF-989D71AAA2C8} = {5484AA60-8302-4BAF-B632-AFD2C9F9EAAA}
		{E0939A70-C010-40BB-B654-4E911F27BB4A} = {5484AA60-8302-4BAF-B632-AFD2C9F9EAAA}
		{043F6039-F4D4-4D6A-94C8-2E79763B01F3} = {5484AA60-8302-4BAF-B632-AFD2C9F9EAAA}
	EndGlobalSection
	GlobalSection(ExtensibilityGlobals) = postSolution
		SolutionGuid = {797E739C-5256-4A3E-A012-39457A8B96AF}
	EndGlobalSection
EndGlobal
